// !$*UTF8*$!
{
	archiveVersion = 1;
	classes = {
	};
	objectVersion = 46;
	objects = {

/* Begin PBXBuildFile section */
		A2BAE0451D0BACE200F2B35F /* simple_ipc_client.cpp in Sources */ = {isa = PBXBuildFile; fileRef = A2BAE0431D0BACE200F2B35F /* simple_ipc_client.cpp */; };
/* End PBXBuildFile section */

/* Begin PBXCopyFilesBuildPhase section */
		A256AAAE1D0B9C490018B5DC /* CopyFiles */ = {
			isa = PBXCopyFilesBuildPhase;
			buildActionMask = 2147483647;
			dstPath = /usr/share/man/man1/;
			dstSubfolderSpec = 0;
			files = (
			);
			runOnlyForDeploymentPostprocessing = 1;
		};
/* End PBXCopyFilesBuildPhase section */

/* Begin PBXFileReference section */
		A256AAB01D0B9C490018B5DC /* machsample_client */ = {isa = PBXFileReference; explicitFileType = "compiled.mach-o.executable"; includeInIndex = 0; path = machsample_client; sourceTree = BUILT_PRODUCTS_DIR; };
		A2BAE0431D0BACE200F2B35F /* simple_ipc_client.cpp */ = {isa = PBXFileReference; fileEncoding = 4; lastKnownFileType = sourcecode.cpp.cpp; path = simple_ipc_client.cpp; sourceTree = SOURCE_ROOT; };
		A2BAE0441D0BACE200F2B35F /* simple_ipc_common.h */ = {isa = PBXFileReference; fileEncoding = 4; lastKnownFileType = sourcecode.c.h; path = simple_ipc_common.h; sourceTree = SOURCE_ROOT; };
/* End PBXFileReference section */

/* Begin PBXFrameworksBuildPhase section */
		A256AAAD1D0B9C490018B5DC /* Frameworks */ = {
			isa = PBXFrameworksBuildPhase;
			buildActionMask = 2147483647;
			files = (
			);
			runOnlyForDeploymentPostprocessing = 0;
		};
/* End PBXFrameworksBuildPhase section */

/* Begin PBXGroup section */
		A256AAA71D0B9C490018B5DC = {
			isa = PBXGroup;
			children = (
				A256AAB21D0B9C490018B5DC /* machsample_client */,
				A256AAB11D0B9C490018B5DC /* Products */,
			);
			sourceTree = "<group>";
		};
		A256AAB11D0B9C490018B5DC /* Products */ = {
			isa = PBXGroup;
			children = (
				A256AAB01D0B9C490018B5DC /* machsample_client */,
			);
			name = Products;
			sourceTree = "<group>";
		};
		A256AAB21D0B9C490018B5DC /* machsample_client */ = {
			isa = PBXGroup;
			children = (
				A2BAE0431D0BACE200F2B35F /* simple_ipc_client.cpp */,
				A2BAE0441D0BACE200F2B35F /* simple_ipc_common.h */,
			);
			path = machsample_client;
			sourceTree = "<group>";
		};
/* End PBXGroup section */

/* Begin PBXNativeTarget section */
		A256AAAF1D0B9C490018B5DC /* machsample_client */ = {
			isa = PBXNativeTarget;
			buildConfigurationList = A256AAB71D0B9C490018B5DC /* Build configuration list for PBXNativeTarget "machsample_client" */;
			buildPhases = (
				A256AAAC1D0B9C490018B5DC /* Sources */,
				A256AAAD1D0B9C490018B5DC /* Frameworks */,
				A256AAAE1D0B9C490018B5DC /* CopyFiles */,
			);
			buildRules = (
			);
			dependencies = (
			);
			name = machsample_client;
			productName = machsample_client;
			productReference = A256AAB01D0B9C490018B5DC /* machsample_client */;
			productType = "com.apple.product-type.tool";
		};
/* End PBXNativeTarget section */

/* Begin PBXProject section */
		A256AAA81D0B9C490018B5DC /* Project object */ = {
			isa = PBXProject;
			attributes = {
				LastUpgradeCheck = 0730;
				ORGANIZATIONNAME = pebble8888;
				TargetAttributes = {
					A256AAAF1D0B9C490018B5DC = {
						CreatedOnToolsVersion = 7.3.1;
					};
				};
			};
			buildConfigurationList = A256AAAB1D0B9C490018B5DC /* Build configuration list for PBXProject "machsample_client" */;
			compatibilityVersion = "Xcode 3.2";
			developmentRegion = English;
			hasScannedForEncodings = 0;
			knownRegions = (
				en,
			);
			mainGroup = A256AAA71D0B9C490018B5DC;
			productRefGroup = A256AAB11D0B9C490018B5DC /* Products */;
			projectDirPath = "";
			projectRoot = "";
			targets = (
				A256AAAF1D0B9C490018B5DC /* machsample_client */,
			);
		};
/* End PBXProject section */

/* Begin PBXSourcesBuildPhase section */
		A256AAAC1D0B9C490018B5DC /* Sources */ = {
			isa = PBXSourcesBuildPhase;
			buildActionMask = 2147483647;
			files = (
				A2BAE0451D0BACE200F2B35F /* simple_ipc_client.cpp in Sources */,
			);
			runOnlyForDeploymentPostprocessing = 0;
		};
/* End PBXSourcesBuildPhase section */

/* Begin XCBuildConfiguration section */
		A256AAB51D0B9C490018B5DC /* Debug */ = {
			isa = XCBuildConfiguration;
			buildSettings = {
				ALWAYS_SEARCH_USER_PATHS = NO;
				CLANG_ANALYZER_NONNULL = YES;
				CLANG_CXX_LANGUAGE_STANDARD = "gnu++0x";
				CLANG_CXX_LIBRARY = "libc++";
				CLANG_ENABLE_MODULES = YES;
				CLANG_ENABLE_OBJC_ARC = YES;
				CLANG_WARN_BOOL_CONVERSION = YES;
				CLANG_WARN_CONSTANT_CONVERSION = YES;
				CLANG_WARN_DIRECT_OBJC_ISA_USAGE = YES_ERROR;
				CLANG_WARN_EMPTY_BODY = YES;
				CLANG_WARN_ENUM_CONVERSION = YES;
				CLANG_WARN_INT_CONVERSION = YES;
				CLANG_WARN_OBJC_ROOT_CLASS = YES_ERROR;
				CLANG_WARN_UNREACHABLE_CODE = YES;
				CLANG_WARN__DUPLICATE_METHOD_MATCH = YES;
				CODE_SIGN_IDENTITY = "-";
				COPY_PHASE_STRIP = NO;
				DEBUG_INFORMATION_FORMAT = dwarf;
				ENABLE_STRICT_OBJC_MSGSEND = YES;
				ENABLE_TESTABILITY = YES;
				GCC_C_LANGUAGE_STANDARD = gnu99;
				GCC_DYNAMIC_NO_PIC = NO;
				GCC_NO_COMMON_BLOCKS = YES;
				GCC_OPTIMIZATION_LEVEL = 0;
				GCC_PREPROCESSOR_DEFINITIONS = (
					"DEBUG=1",
					"$(inherited)",
				);
				GCC_WARN_64_TO_32_BIT_CONVERSION = YES;
				GCC_WARN_ABOUT_RETURN_TYPE = YES_ERROR;
				GCC_WARN_UNDECLARED_SELECTOR = YES;
				GCC_WARN_UNINITIALIZED_AUTOS = YES_AGGRESSIVE;
				GCC_WARN_UNUSED_FUNCTION = YES;
				GCC_WARN_UNUSED_VARIABLE = YES;
				MACOSX_DEPLOYMENT_TARGET = 10.11;
				MTL_ENABLE_DEBUG_INFO = YES;
				ONLY_ACTIVE_ARCH = YES;
				SDKROOT = macosx;
			};
			name = Debug;
		};
		A256AAB61D0B9C490018B5DC /* Release */ = {
			isa = XCBuildConfiguration;
			buildSettings = {
				ALWAYS_SEARCH_USER_PATHS = NO;
				CLANG_ANALYZER_NONNULL = YES;
				CLANG_CXX_LANGUAGE_STANDARD = "gnu++0x";
				CLANG_CXX_LIBRARY = "libc++";
				CLANG_ENABLE_MODULES = YES;
				CLANG_ENABLE_OBJC_ARC = YES;
				CLANG_WARN_BOOL_CONVERSION = YES;
				CLANG_WARN_CONSTANT_CONVERSION = YES;
				CLANG_WARN_DIRECT_OBJC_ISA_USAGE = YES_ERROR;
				CLANG_WARN_EMPTY_BODY = YES;
				CLANG_WARN_ENUM_CONVERSION = YES;
				CLANG_WARN_INT_CONVERSION = YES;
				CLANG_WARN_OBJC_ROOT_CLASS = YES_ERROR;
				CLANG_WARN_UNREACHABLE_CODE = YES;
				CLANG_WARN__DUPLICATE_METHOD_MATCH = YES;
				CODE_SIGN_IDENTITY = "-";
				COPY_PHASE_STRIP = NO;
				DEBUG_INFORMATION_FORMAT = "dwarf-with-dsym";
				ENABLE_NS_ASSERTIONS = NO;
				ENABLE_STRICT_OBJC_MSGSEND = YES;
				GCC_C_LANGUAGE_STANDARD = gnu99;
				GCC_NO_COMMON_BLOCKS = YES;
				GCC_WARN_64_TO_32_BIT_CONVERSION = YES;
				GCC_WARN_ABOUT_RETURN_TYPE = YES_ERROR;
				GCC_WARN_UNDECLARED_SELECTOR = YES;
				GCC_WARN_UNINITIALIZED_AUTOS = YES_AGGRESSIVE;
				GCC_WARN_UNUSED_FUNCTION = YES;
				GCC_WARN_UNUSED_VARIABLE = YES;
				MACOSX_DEPLOYMENT_TARGET = 10.11;
				MTL_ENABLE_DEBUG_INFO = NO;
				SDKROOT = macosx;
			};
			name = Release;
		};
		A256AAB81D0B9C490018B5DC /* Debug */ = {
			isa = XCBuildConfiguration;
			buildSettings = {
				PRODUCT_NAME = "$(TARGET_NAME)";
			};
			name = Debug;
		};
		A256AAB91D0B9C490018B5DC /* Release */ = {
			isa = XCBuildConfiguration;
			buildSettings = {
				PRODUCT_NAME = "$(TARGET_NAME)";
			};
			name = Release;
		};
/* End XCBuildConfiguration section */

/* Begin XCConfigurationList section */
		A256AAAB1D0B9C490018B5DC /* Build configuration list for PBXProject "machsample_client" */ = {
			isa = XCConfigurationList;
			buildConfigurations = (
				A256AAB51D0B9C490018B5DC /* Debug */,
				A256AAB61D0B9C490018B5DC /* Release */,
			);
			defaultConfigurationIsVisible = 0;
			defaultConfigurationName = Release;
		};
		A256AAB71D0B9C490018B5DC /* Build configuration list for PBXNativeTarget "machsample_client" */ = {
			isa = XCConfigurationList;
			buildConfigurations = (
				A256AAB81D0B9C490018B5DC /* Debug */,
				A256AAB91D0B9C490018B5DC /* Release */,
			);
			defaultConfigurationIsVisible = 0;
			defaultConfigurationName = Release;
		};
/* End XCConfigurationList section */
	};
	rootObject = A256AAA81D0B9C490018B5DC /* Project object */;
}
